// !$*UTF8*$!
{
	archiveVersion = 1;
	classes = {
	};
	objectVersion = 50;
	objects = {

/* Begin PBXBuildFile section */
		105F1F0B24151B2A008BA15E /* PageObject.swift in Sources */ = {isa = PBXBuildFile; fileRef = 105F1F0A24151B2A008BA15E /* PageObject.swift */; };
		105F1F0D24151E8D008BA15E /* LoginPageObject.swift in Sources */ = {isa = PBXBuildFile; fileRef = 105F1F0C24151E8D008BA15E /* LoginPageObject.swift */; };
		107A4E042414CC210066BBDE /* AppDelegate.swift in Sources */ = {isa = PBXBuildFile; fileRef = 107A4E032414CC210066BBDE /* AppDelegate.swift */; };
		107A4E062414CC210066BBDE /* SceneDelegate.swift in Sources */ = {isa = PBXBuildFile; fileRef = 107A4E052414CC210066BBDE /* SceneDelegate.swift */; };
		107A4E0D2414CC240066BBDE /* Assets.xcassets in Resources */ = {isa = PBXBuildFile; fileRef = 107A4E0C2414CC240066BBDE /* Assets.xcassets */; };
		107A4E102414CC240066BBDE /* LaunchScreen.storyboard in Resources */ = {isa = PBXBuildFile; fileRef = 107A4E0E2414CC240066BBDE /* LaunchScreen.storyboard */; };
		107A4E1B2414CC250066BBDE /* ios_test_sampleTests.swift in Sources */ = {isa = PBXBuildFile; fileRef = 107A4E1A2414CC250066BBDE /* ios_test_sampleTests.swift */; };
		107A4E392414CE510066BBDE /* LoginViewController.swift in Sources */ = {isa = PBXBuildFile; fileRef = 107A4E372414CE510066BBDE /* LoginViewController.swift */; };
		107A4E3A2414CE510066BBDE /* LoginViewController.xib in Resources */ = {isa = PBXBuildFile; fileRef = 107A4E382414CE510066BBDE /* LoginViewController.xib */; };
		107A4E3E2414D37E0066BBDE /* TopViewController.swift in Sources */ = {isa = PBXBuildFile; fileRef = 107A4E3C2414D37E0066BBDE /* TopViewController.swift */; };
		107A4E3F2414D37E0066BBDE /* TopViewController.xib in Resources */ = {isa = PBXBuildFile; fileRef = 107A4E3D2414D37E0066BBDE /* TopViewController.xib */; };
		107A4E462414D5AD0066BBDE /* AccesibilityIdentifiers.swift in Sources */ = {isa = PBXBuildFile; fileRef = 107A4E452414D5AD0066BBDE /* AccesibilityIdentifiers.swift */; };
		107A4E492414D79A0066BBDE /* LoginViewControllerUITests.swift in Sources */ = {isa = PBXBuildFile; fileRef = 107A4E482414D79A0066BBDE /* LoginViewControllerUITests.swift */; };
		107A4E4A2414D95F0066BBDE /* AccesibilityIdentifiers.swift in Sources */ = {isa = PBXBuildFile; fileRef = 107A4E452414D5AD0066BBDE /* AccesibilityIdentifiers.swift */; };
/* End PBXBuildFile section */

/* Begin PBXContainerItemProxy section */
		107A4E172414CC250066BBDE /* PBXContainerItemProxy */ = {
			isa = PBXContainerItemProxy;
			containerPortal = 107A4DF82414CC210066BBDE /* Project object */;
			proxyType = 1;
			remoteGlobalIDString = 107A4DFF2414CC210066BBDE;
			remoteInfo = "ios-test-sample";
		};
		107A4E222414CC250066BBDE /* PBXContainerItemProxy */ = {
			isa = PBXContainerItemProxy;
			containerPortal = 107A4DF82414CC210066BBDE /* Project object */;
			proxyType = 1;
			remoteGlobalIDString = 107A4DFF2414CC210066BBDE;
			remoteInfo = "ios-test-sample";
		};
/* End PBXContainerItemProxy section */

/* Begin PBXFileReference section */
		105F1F0A24151B2A008BA15E /* PageObject.swift */ = {isa = PBXFileReference; lastKnownFileType = sourcecode.swift; path = PageObject.swift; sourceTree = "<group>"; };
		105F1F0C24151E8D008BA15E /* LoginPageObject.swift */ = {isa = PBXFileReference; lastKnownFileType = sourcecode.swift; path = LoginPageObject.swift; sourceTree = "<group>"; };
		107A4E002414CC210066BBDE /* ios-test-sample.app */ = {isa = PBXFileReference; explicitFileType = wrapper.application; includeInIndex = 0; path = "ios-test-sample.app"; sourceTree = BUILT_PRODUCTS_DIR; };
		107A4E032414CC210066BBDE /* AppDelegate.swift */ = {isa = PBXFileReference; lastKnownFileType = sourcecode.swift; path = AppDelegate.swift; sourceTree = "<group>"; };
		107A4E052414CC210066BBDE /* SceneDelegate.swift */ = {isa = PBXFileReference; lastKnownFileType = sourcecode.swift; path = SceneDelegate.swift; sourceTree = "<group>"; };
		107A4E0C2414CC240066BBDE /* Assets.xcassets */ = {isa = PBXFileReference; lastKnownFileType = folder.assetcatalog; path = Assets.xcassets; sourceTree = "<group>"; };
		107A4E0F2414CC240066BBDE /* Base */ = {isa = PBXFileReference; lastKnownFileType = file.storyboard; name = Base; path = Base.lproj/LaunchScreen.storyboard; sourceTree = "<group>"; };
		107A4E112414CC240066BBDE /* Info.plist */ = {isa = PBXFileReference; lastKnownFileType = text.plist.xml; path = Info.plist; sourceTree = "<group>"; };
		107A4E162414CC250066BBDE /* ios-test-sampleTests.xctest */ = {isa = PBXFileReference; explicitFileType = wrapper.cfbundle; includeInIndex = 0; path = "ios-test-sampleTests.xctest"; sourceTree = BUILT_PRODUCTS_DIR; };
		107A4E1A2414CC250066BBDE /* ios_test_sampleTests.swift */ = {isa = PBXFileReference; lastKnownFileType = sourcecode.swift; path = ios_test_sampleTests.swift; sourceTree = "<group>"; };
		107A4E1C2414CC250066BBDE /* Info.plist */ = {isa = PBXFileReference; lastKnownFileType = text.plist.xml; path = Info.plist; sourceTree = "<group>"; };
		107A4E212414CC250066BBDE /* ios-test-sampleUITests.xctest */ = {isa = PBXFileReference; explicitFileType = wrapper.cfbundle; includeInIndex = 0; path = "ios-test-sampleUITests.xctest"; sourceTree = BUILT_PRODUCTS_DIR; };
		107A4E272414CC250066BBDE /* Info.plist */ = {isa = PBXFileReference; lastKnownFileType = text.plist.xml; path = Info.plist; sourceTree = "<group>"; };
		107A4E372414CE510066BBDE /* LoginViewController.swift */ = {isa = PBXFileReference; lastKnownFileType = sourcecode.swift; path = LoginViewController.swift; sourceTree = "<group>"; };
		107A4E382414CE510066BBDE /* LoginViewController.xib */ = {isa = PBXFileReference; lastKnownFileType = file.xib; path = LoginViewController.xib; sourceTree = "<group>"; };
		107A4E3C2414D37E0066BBDE /* TopViewController.swift */ = {isa = PBXFileReference; lastKnownFileType = sourcecode.swift; path = TopViewController.swift; sourceTree = "<group>"; };
		107A4E3D2414D37E0066BBDE /* TopViewController.xib */ = {isa = PBXFileReference; lastKnownFileType = file.xib; path = TopViewController.xib; sourceTree = "<group>"; };
		107A4E452414D5AD0066BBDE /* AccesibilityIdentifiers.swift */ = {isa = PBXFileReference; lastKnownFileType = sourcecode.swift; path = AccesibilityIdentifiers.swift; sourceTree = "<group>"; };
		107A4E482414D79A0066BBDE /* LoginViewControllerUITests.swift */ = {isa = PBXFileReference; lastKnownFileType = sourcecode.swift; path = LoginViewControllerUITests.swift; sourceTree = "<group>"; };
/* End PBXFileReference section */

/* Begin PBXFrameworksBuildPhase section */
		107A4DFD2414CC210066BBDE /* Frameworks */ = {
			isa = PBXFrameworksBuildPhase;
			buildActionMask = 2147483647;
			files = (
			);
			runOnlyForDeploymentPostprocessing = 0;
		};
		107A4E132414CC250066BBDE /* Frameworks */ = {
			isa = PBXFrameworksBuildPhase;
			buildActionMask = 2147483647;
			files = (
			);
			runOnlyForDeploymentPostprocessing = 0;
		};
		107A4E1E2414CC250066BBDE /* Frameworks */ = {
			isa = PBXFrameworksBuildPhase;
			buildActionMask = 2147483647;
			files = (
			);
			runOnlyForDeploymentPostprocessing = 0;
		};
/* End PBXFrameworksBuildPhase section */

/* Begin PBXGroup section */
		105F1F0924151B16008BA15E /* Protocol */ = {
			isa = PBXGroup;
			children = (
				105F1F0A24151B2A008BA15E /* PageObject.swift */,
			);
			path = Protocol;
			sourceTree = "<group>";
		};
		107A4DF72414CC210066BBDE = {
			isa = PBXGroup;
			children = (
				107A4E022414CC210066BBDE /* ios-test-sample */,
				107A4E192414CC250066BBDE /* ios-test-sampleTests */,
				107A4E242414CC250066BBDE /* ios-test-sampleUITests */,
				107A4E012414CC210066BBDE /* Products */,
			);
			sourceTree = "<group>";
		};
		107A4E012414CC210066BBDE /* Products */ = {
			isa = PBXGroup;
			children = (
				107A4E002414CC210066BBDE /* ios-test-sample.app */,
				107A4E162414CC250066BBDE /* ios-test-sampleTests.xctest */,
				107A4E212414CC250066BBDE /* ios-test-sampleUITests.xctest */,
			);
			name = Products;
			sourceTree = "<group>";
		};
		107A4E022414CC210066BBDE /* ios-test-sample */ = {
			isa = PBXGroup;
			children = (
				107A4E032414CC210066BBDE /* AppDelegate.swift */,
				107A4E052414CC210066BBDE /* SceneDelegate.swift */,
				107A4E332414CCCF0066BBDE /* View */,
				107A4E442414D58E0066BBDE /* Util */,
				107A4E0C2414CC240066BBDE /* Assets.xcassets */,
				107A4E0E2414CC240066BBDE /* LaunchScreen.storyboard */,
				107A4E112414CC240066BBDE /* Info.plist */,
			);
			path = "ios-test-sample";
			sourceTree = "<group>";
		};
		107A4E192414CC250066BBDE /* ios-test-sampleTests */ = {
			isa = PBXGroup;
			children = (
				107A4E1A2414CC250066BBDE /* ios_test_sampleTests.swift */,
				107A4E1C2414CC250066BBDE /* Info.plist */,
			);
			path = "ios-test-sampleTests";
			sourceTree = "<group>";
		};
		107A4E242414CC250066BBDE /* ios-test-sampleUITests */ = {
			isa = PBXGroup;
			children = (
				105F1F0924151B16008BA15E /* Protocol */,
				107A4E472414D7810066BBDE /* Login */,
				107A4E272414CC250066BBDE /* Info.plist */,
			);
			path = "ios-test-sampleUITests";
			sourceTree = "<group>";
		};
		107A4E332414CCCF0066BBDE /* View */ = {
			isa = PBXGroup;
			children = (
				107A4E362414CE380066BBDE /* Login */,
				107A4E3B2414D34F0066BBDE /* Top */,
			);
			path = View;
			sourceTree = "<group>";
		};
		107A4E362414CE380066BBDE /* Login */ = {
			isa = PBXGroup;
			children = (
				107A4E372414CE510066BBDE /* LoginViewController.swift */,
				107A4E382414CE510066BBDE /* LoginViewController.xib */,
			);
			path = Login;
			sourceTree = "<group>";
		};
		107A4E3B2414D34F0066BBDE /* Top */ = {
			isa = PBXGroup;
			children = (
				107A4E3C2414D37E0066BBDE /* TopViewController.swift */,
				107A4E3D2414D37E0066BBDE /* TopViewController.xib */,
			);
			path = Top;
			sourceTree = "<group>";
		};
		107A4E442414D58E0066BBDE /* Util */ = {
			isa = PBXGroup;
			children = (
				107A4E452414D5AD0066BBDE /* AccesibilityIdentifiers.swift */,
			);
			path = Util;
			sourceTree = "<group>";
		};
		107A4E472414D7810066BBDE /* Login */ = {
			isa = PBXGroup;
			children = (
				107A4E482414D79A0066BBDE /* LoginViewControllerUITests.swift */,
				105F1F0C24151E8D008BA15E /* LoginPageObject.swift */,
			);
			path = Login;
			sourceTree = "<group>";
		};
/* End PBXGroup section */

/* Begin PBXNativeTarget section */
		107A4DFF2414CC210066BBDE /* ios-test-sample */ = {
			isa = PBXNativeTarget;
			buildConfigurationList = 107A4E2A2414CC250066BBDE /* Build configuration list for PBXNativeTarget "ios-test-sample" */;
			buildPhases = (
				107A4DFC2414CC210066BBDE /* Sources */,
				107A4DFD2414CC210066BBDE /* Frameworks */,
				107A4DFE2414CC210066BBDE /* Resources */,
			);
			buildRules = (
			);
			dependencies = (
			);
			name = "ios-test-sample";
			productName = "ios-test-sample";
			productReference = 107A4E002414CC210066BBDE /* ios-test-sample.app */;
			productType = "com.apple.product-type.application";
		};
		107A4E152414CC250066BBDE /* ios-test-sampleTests */ = {
			isa = PBXNativeTarget;
			buildConfigurationList = 107A4E2D2414CC250066BBDE /* Build configuration list for PBXNativeTarget "ios-test-sampleTests" */;
			buildPhases = (
				107A4E122414CC250066BBDE /* Sources */,
				107A4E132414CC250066BBDE /* Frameworks */,
				107A4E142414CC250066BBDE /* Resources */,
			);
			buildRules = (
			);
			dependencies = (
				107A4E182414CC250066BBDE /* PBXTargetDependency */,
			);
			name = "ios-test-sampleTests";
			productName = "ios-test-sampleTests";
			productReference = 107A4E162414CC250066BBDE /* ios-test-sampleTests.xctest */;
			productType = "com.apple.product-type.bundle.unit-test";
		};
		107A4E202414CC250066BBDE /* ios-test-sampleUITests */ = {
			isa = PBXNativeTarget;
			buildConfigurationList = 107A4E302414CC250066BBDE /* Build configuration list for PBXNativeTarget "ios-test-sampleUITests" */;
			buildPhases = (
				107A4E1D2414CC250066BBDE /* Sources */,
				107A4E1E2414CC250066BBDE /* Frameworks */,
				107A4E1F2414CC250066BBDE /* Resources */,
			);
			buildRules = (
			);
			dependencies = (
				107A4E232414CC250066BBDE /* PBXTargetDependency */,
			);
			name = "ios-test-sampleUITests";
			productName = "ios-test-sampleUITests";
			productReference = 107A4E212414CC250066BBDE /* ios-test-sampleUITests.xctest */;
			productType = "com.apple.product-type.bundle.ui-testing";
		};
/* End PBXNativeTarget section */

/* Begin PBXProject section */
		107A4DF82414CC210066BBDE /* Project object */ = {
			isa = PBXProject;
			attributes = {
				LastSwiftUpdateCheck = 1130;
				LastUpgradeCheck = 1130;
				ORGANIZATIONNAME = kagemiku;
				TargetAttributes = {
					107A4DFF2414CC210066BBDE = {
						CreatedOnToolsVersion = 11.3.1;
					};
					107A4E152414CC250066BBDE = {
						CreatedOnToolsVersion = 11.3.1;
						TestTargetID = 107A4DFF2414CC210066BBDE;
					};
					107A4E202414CC250066BBDE = {
						CreatedOnToolsVersion = 11.3.1;
						TestTargetID = 107A4DFF2414CC210066BBDE;
					};
				};
			};
			buildConfigurationList = 107A4DFB2414CC210066BBDE /* Build configuration list for PBXProject "ios-test-sample" */;
			compatibilityVersion = "Xcode 9.3";
			developmentRegion = en;
			hasScannedForEncodings = 0;
			knownRegions = (
				en,
				Base,
			);
			mainGroup = 107A4DF72414CC210066BBDE;
			productRefGroup = 107A4E012414CC210066BBDE /* Products */;
			projectDirPath = "";
			projectRoot = "";
			targets = (
				107A4DFF2414CC210066BBDE /* ios-test-sample */,
				107A4E152414CC250066BBDE /* ios-test-sampleTests */,
				107A4E202414CC250066BBDE /* ios-test-sampleUITests */,
			);
		};
/* End PBXProject section */

/* Begin PBXResourcesBuildPhase section */
		107A4DFE2414CC210066BBDE /* Resources */ = {
			isa = PBXResourcesBuildPhase;
			buildActionMask = 2147483647;
			files = (
				107A4E3F2414D37E0066BBDE /* TopViewController.xib in Resources */,
				107A4E3A2414CE510066BBDE /* LoginViewController.xib in Resources */,
				107A4E102414CC240066BBDE /* LaunchScreen.storyboard in Resources */,
				107A4E0D2414CC240066BBDE /* Assets.xcassets in Resources */,
			);
			runOnlyForDeploymentPostprocessing = 0;
		};
		107A4E142414CC250066BBDE /* Resources */ = {
			isa = PBXResourcesBuildPhase;
			buildActionMask = 2147483647;
			files = (
			);
			runOnlyForDeploymentPostprocessing = 0;
		};
		107A4E1F2414CC250066BBDE /* Resources */ = {
			isa = PBXResourcesBuildPhase;
			buildActionMask = 2147483647;
			files = (
			);
			runOnlyForDeploymentPostprocessing = 0;
		};
/* End PBXResourcesBuildPhase section */

/* Begin PBXSourcesBuildPhase section */
		107A4DFC2414CC210066BBDE /* Sources */ = {
			isa = PBXSourcesBuildPhase;
			buildActionMask = 2147483647;
			files = (
				107A4E3E2414D37E0066BBDE /* TopViewController.swift in Sources */,
				107A4E392414CE510066BBDE /* LoginViewController.swift in Sources */,
				107A4E462414D5AD0066BBDE /* AccesibilityIdentifiers.swift in Sources */,
				107A4E042414CC210066BBDE /* AppDelegate.swift in Sources */,
				107A4E062414CC210066BBDE /* SceneDelegate.swift in Sources */,
			);
			runOnlyForDeploymentPostprocessing = 0;
		};
		107A4E122414CC250066BBDE /* Sources */ = {
			isa = PBXSourcesBuildPhase;
			buildActionMask = 2147483647;
			files = (
				107A4E1B2414CC250066BBDE /* ios_test_sampleTests.swift in Sources */,
			);
			runOnlyForDeploymentPostprocessing = 0;
		};
		107A4E1D2414CC250066BBDE /* Sources */ = {
			isa = PBXSourcesBuildPhase;
			buildActionMask = 2147483647;
			files = (
				107A4E492414D79A0066BBDE /* LoginViewControllerUITests.swift in Sources */,
				105F1F0D24151E8D008BA15E /* LoginPageObject.swift in Sources */,
				105F1F0B24151B2A008BA15E /* PageObject.swift in Sources */,
				107A4E4A2414D95F0066BBDE /* AccesibilityIdentifiers.swift in Sources */,
			);
			runOnlyForDeploymentPostprocessing = 0;
		};
/* End PBXSourcesBuildPhase section */

/* Begin PBXTargetDependency section */
		107A4E182414CC250066BBDE /* PBXTargetDependency */ = {
			isa = PBXTargetDependency;
			target = 107A4DFF2414CC210066BBDE /* ios-test-sample */;
			targetProxy = 107A4E172414CC250066BBDE /* PBXContainerItemProxy */;
		};
		107A4E232414CC250066BBDE /* PBXTargetDependency */ = {
			isa = PBXTargetDependency;
			target = 107A4DFF2414CC210066BBDE /* ios-test-sample */;
			targetProxy = 107A4E222414CC250066BBDE /* PBXContainerItemProxy */;
		};
/* End PBXTargetDependency section */

/* Begin PBXVariantGroup section */
		107A4E0E2414CC240066BBDE /* LaunchScreen.storyboard */ = {
			isa = PBXVariantGroup;
			children = (
				107A4E0F2414CC240066BBDE /* Base */,
			);
			name = LaunchScreen.storyboard;
			sourceTree = "<group>";
		};
/* End PBXVariantGroup section */

/* Begin XCBuildConfiguration section */
		107A4E282414CC250066BBDE /* Debug */ = {
			isa = XCBuildConfiguration;
			buildSettings = {
				ALWAYS_SEARCH_USER_PATHS = NO;
				CLANG_ANALYZER_NONNULL = YES;
				CLANG_ANALYZER_NUMBER_OBJECT_CONVERSION = YES_AGGRESSIVE;
				CLANG_CXX_LANGUAGE_STANDARD = "gnu++14";
				CLANG_CXX_LIBRARY = "libc++";
				CLANG_ENABLE_MODULES = YES;
				CLANG_ENABLE_OBJC_ARC = YES;
				CLANG_ENABLE_OBJC_WEAK = YES;
				CLANG_WARN_BLOCK_CAPTURE_AUTORELEASING = YES;
				CLANG_WARN_BOOL_CONVERSION = YES;
				CLANG_WARN_COMMA = YES;
				CLANG_WARN_CONSTANT_CONVERSION = YES;
				CLANG_WARN_DEPRECATED_OBJC_IMPLEMENTATIONS = YES;
				CLANG_WARN_DIRECT_OBJC_ISA_USAGE = YES_ERROR;
				CLANG_WARN_DOCUMENTATION_COMMENTS = YES;
				CLANG_WARN_EMPTY_BODY = YES;
				CLANG_WARN_ENUM_CONVERSION = YES;
				CLANG_WARN_INFINITE_RECURSION = YES;
				CLANG_WARN_INT_CONVERSION = YES;
				CLANG_WARN_NON_LITERAL_NULL_CONVERSION = YES;
				CLANG_WARN_OBJC_IMPLICIT_RETAIN_SELF = YES;
				CLANG_WARN_OBJC_LITERAL_CONVERSION = YES;
				CLANG_WARN_OBJC_ROOT_CLASS = YES_ERROR;
				CLANG_WARN_RANGE_LOOP_ANALYSIS = YES;
				CLANG_WARN_STRICT_PROTOTYPES = YES;
				CLANG_WARN_SUSPICIOUS_MOVE = YES;
				CLANG_WARN_UNGUARDED_AVAILABILITY = YES_AGGRESSIVE;
				CLANG_WARN_UNREACHABLE_CODE = YES;
				CLANG_WARN__DUPLICATE_METHOD_MATCH = YES;
				COPY_PHASE_STRIP = NO;
				DEBUG_INFORMATION_FORMAT = dwarf;
				ENABLE_STRICT_OBJC_MSGSEND = YES;
				ENABLE_TESTABILITY = YES;
				GCC_C_LANGUAGE_STANDARD = gnu11;
				GCC_DYNAMIC_NO_PIC = NO;
				GCC_NO_COMMON_BLOCKS = YES;
				GCC_OPTIMIZATION_LEVEL = 0;
				GCC_PREPROCESSOR_DEFINITIONS = (
					"DEBUG=1",
					"$(inherited)",
				);
				GCC_WARN_64_TO_32_BIT_CONVERSION = YES;
				GCC_WARN_ABOUT_RETURN_TYPE = YES_ERROR;
				GCC_WARN_UNDECLARED_SELECTOR = YES;
				GCC_WARN_UNINITIALIZED_AUTOS = YES_AGGRESSIVE;
				GCC_WARN_UNUSED_FUNCTION = YES;
				GCC_WARN_UNUSED_VARIABLE = YES;
				IPHONEOS_DEPLOYMENT_TARGET = 13.2;
				MTL_ENABLE_DEBUG_INFO = INCLUDE_SOURCE;
				MTL_FAST_MATH = YES;
				ONLY_ACTIVE_ARCH = YES;
				SDKROOT = iphoneos;
				SWIFT_ACTIVE_COMPILATION_CONDITIONS = DEBUG;
				SWIFT_OPTIMIZATION_LEVEL = "-Onone";
			};
			name = Debug;
		};
		107A4E292414CC250066BBDE /* Release */ = {
			isa = XCBuildConfiguration;
			buildSettings = {
				ALWAYS_SEARCH_USER_PATHS = NO;
				CLANG_ANALYZER_NONNULL = YES;
				CLANG_ANALYZER_NUMBER_OBJECT_CONVERSION = YES_AGGRESSIVE;
				CLANG_CXX_LANGUAGE_STANDARD = "gnu++14";
				CLANG_CXX_LIBRARY = "libc++";
				CLANG_ENABLE_MODULES = YES;
				CLANG_ENABLE_OBJC_ARC = YES;
				CLANG_ENABLE_OBJC_WEAK = YES;
				CLANG_WARN_BLOCK_CAPTURE_AUTORELEASING = YES;
				CLANG_WARN_BOOL_CONVERSION = YES;
				CLANG_WARN_COMMA = YES;
				CLANG_WARN_CONSTANT_CONVERSION = YES;
				CLANG_WARN_DEPRECATED_OBJC_IMPLEMENTATIONS = YES;
				CLANG_WARN_DIRECT_OBJC_ISA_USAGE = YES_ERROR;
				CLANG_WARN_DOCUMENTATION_COMMENTS = YES;
				CLANG_WARN_EMPTY_BODY = YES;
				CLANG_WARN_ENUM_CONVERSION = YES;
				CLANG_WARN_INFINITE_RECURSION = YES;
				CLANG_WARN_INT_CONVERSION = YES;
				CLANG_WARN_NON_LITERAL_NULL_CONVERSION = YES;
				CLANG_WARN_OBJC_IMPLICIT_RETAIN_SELF = YES;
				CLANG_WARN_OBJC_LITERAL_CONVERSION = YES;
				CLANG_WARN_OBJC_ROOT_CLASS = YES_ERROR;
				CLANG_WARN_RANGE_LOOP_ANALYSIS = YES;
				CLANG_WARN_STRICT_PROTOTYPES = YES;
				CLANG_WARN_SUSPICIOUS_MOVE = YES;
				CLANG_WARN_UNGUARDED_AVAILABILITY = YES_AGGRESSIVE;
				CLANG_WARN_UNREACHABLE_CODE = YES;
				CLANG_WARN__DUPLICATE_METHOD_MATCH = YES;
				COPY_PHASE_STRIP = NO;
				DEBUG_INFORMATION_FORMAT = "dwarf-with-dsym";
				ENABLE_NS_ASSERTIONS = NO;
				ENABLE_STRICT_OBJC_MSGSEND = YES;
				GCC_C_LANGUAGE_STANDARD = gnu11;
				GCC_NO_COMMON_BLOCKS = YES;
				GCC_WARN_64_TO_32_BIT_CONVERSION = YES;
				GCC_WARN_ABOUT_RETURN_TYPE = YES_ERROR;
				GCC_WARN_UNDECLARED_SELECTOR = YES;
				GCC_WARN_UNINITIALIZED_AUTOS = YES_AGGRESSIVE;
				GCC_WARN_UNUSED_FUNCTION = YES;
				GCC_WARN_UNUSED_VARIABLE = YES;
				IPHONEOS_DEPLOYMENT_TARGET = 13.2;
				MTL_ENABLE_DEBUG_INFO = NO;
				MTL_FAST_MATH = YES;
				SDKROOT = iphoneos;
				SWIFT_COMPILATION_MODE = wholemodule;
				SWIFT_OPTIMIZATION_LEVEL = "-O";
				VALIDATE_PRODUCT = YES;
			};
			name = Release;
		};
		107A4E2B2414CC250066BBDE /* Debug */ = {
			isa = XCBuildConfiguration;
			buildSettings = {
				ASSETCATALOG_COMPILER_APPICON_NAME = AppIcon;
				CODE_SIGN_STYLE = Automatic;
				INFOPLIST_FILE = "ios-test-sample/Info.plist";
				LD_RUNPATH_SEARCH_PATHS = (
					"$(inherited)",
					"@executable_path/Frameworks",
				);
				PRODUCT_BUNDLE_IDENTIFIER = "com.kagemiku.ios-test-sample";
				PRODUCT_NAME = "$(TARGET_NAME)";
				SWIFT_VERSION = 5.0;
				TARGETED_DEVICE_FAMILY = "1,2";
			};
			name = Debug;
		};
		107A4E2C2414CC250066BBDE /* Release */ = {
			isa = XCBuildConfiguration;
			buildSettings = {
				ASSETCATALOG_COMPILER_APPICON_NAME = AppIcon;
				CODE_SIGN_STYLE = Automatic;
				INFOPLIST_FILE = "ios-test-sample/Info.plist";
				LD_RUNPATH_SEARCH_PATHS = (
					"$(inherited)",
					"@executable_path/Frameworks",
				);
				PRODUCT_BUNDLE_IDENTIFIER = "com.kagemiku.ios-test-sample";
				PRODUCT_NAME = "$(TARGET_NAME)";
				SWIFT_VERSION = 5.0;
				TARGETED_DEVICE_FAMILY = "1,2";
			};
			name = Release;
		};
		107A4E2E2414CC250066BBDE /* Debug */ = {
			isa = XCBuildConfiguration;
			buildSettings = {
				ALWAYS_EMBED_SWIFT_STANDARD_LIBRARIES = YES;
				BUNDLE_LOADER = "$(TEST_HOST)";
				CODE_SIGN_STYLE = Automatic;
				INFOPLIST_FILE = "ios-test-sampleTests/Info.plist";
				IPHONEOS_DEPLOYMENT_TARGET = 13.2;
				LD_RUNPATH_SEARCH_PATHS = (
					"$(inherited)",
					"@executable_path/Frameworks",
					"@loader_path/Frameworks",
				);
				PRODUCT_BUNDLE_IDENTIFIER = "com.kagemiku.ios-test-sampleTests";
				PRODUCT_NAME = "$(TARGET_NAME)";
				SWIFT_VERSION = 5.0;
				TARGETED_DEVICE_FAMILY = "1,2";
				TEST_HOST = "$(BUILT_PRODUCTS_DIR)/ios-test-sample.app/ios-test-sample";
			};
			name = Debug;
		};
		107A4E2F2414CC250066BBDE /* Release */ = {
			isa = XCBuildConfiguration;
			buildSettings = {
				ALWAYS_EMBED_SWIFT_STANDARD_LIBRARIES = YES;
				BUNDLE_LOADER = "$(TEST_HOST)";
				CODE_SIGN_STYLE = Automatic;
				INFOPLIST_FILE = "ios-test-sampleTests/Info.plist";
				IPHONEOS_DEPLOYMENT_TARGET = 13.2;
				LD_RUNPATH_SEARCH_PATHS = (
					"$(inherited)",
					"@executable_path/Frameworks",
					"@loader_path/Frameworks",
				);
				PRODUCT_BUNDLE_IDENTIFIER = "com.kagemiku.ios-test-sampleTests";
				PRODUCT_NAME = "$(TARGET_NAME)";
				SWIFT_VERSION = 5.0;
				TARGETED_DEVICE_FAMILY = "1,2";
				TEST_HOST = "$(BUILT_PRODUCTS_DIR)/ios-test-sample.app/ios-test-sample";
			};
			name = Release;
		};
		107A4E312414CC250066BBDE /* Debug */ = {
			isa = XCBuildConfiguration;
			buildSettings = {
				ALWAYS_EMBED_SWIFT_STANDARD_LIBRARIES = YES;
				CODE_SIGN_STYLE = Automatic;
				INFOPLIST_FILE = "ios-test-sampleUITests/Info.plist";
				LD_RUNPATH_SEARCH_PATHS = (
					"$(inherited)",
					"@executable_path/Frameworks",
					"@loader_path/Frameworks",
				);
				PRODUCT_BUNDLE_IDENTIFIER = "com.kagemiku.ios-test-sampleUITests";
				PRODUCT_NAME = "$(TARGET_NAME)";
				SWIFT_VERSION = 5.0;
				TARGETED_DEVICE_FAMILY = "1,2";
				TEST_TARGET_NAME = "ios-test-sample";
			};
			name = Debug;
		};
		107A4E322414CC250066BBDE /* Release */ = {
			isa = XCBuildConfiguration;
			buildSettings = {
				ALWAYS_EMBED_SWIFT_STANDARD_LIBRARIES = YES;
				CODE_SIGN_STYLE = Automatic;
				INFOPLIST_FILE = "ios-test-sampleUITests/Info.plist";
				LD_RUNPATH_SEARCH_PATHS = (
					"$(inherited)",
					"@executable_path/Frameworks",
					"@loader_path/Frameworks",
				);
				PRODUCT_BUNDLE_IDENTIFIER = "com.kagemiku.ios-test-sampleUITests";
				PRODUCT_NAME = "$(TARGET_NAME)";
				SWIFT_VERSION = 5.0;
				TARGETED_DEVICE_FAMILY = "1,2";
				TEST_TARGET_NAME = "ios-test-sample";
			};
			name = Release;
		};
/* End XCBuildConfiguration section */

/* Begin XCConfigurationList section */
		107A4DFB2414CC210066BBDE /* Build configuration list for PBXProject "ios-test-sample" */ = {
			isa = XCConfigurationList;
			buildConfigurations = (
				107A4E282414CC250066BBDE /* Debug */,
				107A4E292414CC250066BBDE /* Release */,
			);
			defaultConfigurationIsVisible = 0;
			defaultConfigurationName = Release;
		};
		107A4E2A2414CC250066BBDE /* Build configuration list for PBXNativeTarget "ios-test-sample" */ = {
			isa = XCConfigurationList;
			buildConfigurations = (
				107A4E2B2414CC250066BBDE /* Debug */,
				107A4E2C2414CC250066BBDE /* Release */,
			);
			defaultConfigurationIsVisible = 0;
			defaultConfigurationName = Release;
		};
		107A4E2D2414CC250066BBDE /* Build configuration list for PBXNativeTarget "ios-test-sampleTests" */ = {
			isa = XCConfigurationList;
			buildConfigurations = (
				107A4E2E2414CC250066BBDE /* Debug */,
				107A4E2F2414CC250066BBDE /* Release */,
			);
			defaultConfigurationIsVisible = 0;
			defaultConfigurationName = Release;
		};
		107A4E302414CC250066BBDE /* Build configuration list for PBXNativeTarget "ios-test-sampleUITests" */ = {
			isa = XCConfigurationList;
			buildConfigurations = (
				107A4E312414CC250066BBDE /* Debug */,
				107A4E322414CC250066BBDE /* Release */,
			);
			defaultConfigurationIsVisible = 0;
			defaultConfigurationName = Release;
		};
/* End XCConfigurationList section */
	};
	rootObject = 107A4DF82414CC210066BBDE /* Project object */;
}
